
Microsoft Visual Studio Solution File, Format Version 12.00
# Visual Studio Version 16
VisualStudioVersion = 16.0.34301.259
MinimumVisualStudioVersion = 10.0.40219.1
Project("{FAE04EC0-301F-11D3-BF4B-00C04F79EFBC}") = "BytesCopier", "BytesCopier\BytesCopier.csproj", "{48E7F8E6-8EE6-4BC9-B898-19DB756777E3}"
EndProject
Global
	GlobalSection(SolutionConfigurationPlatforms) = preSolution
		Debug|Any CPU = Debug|Any CPU
		Release|Any CPU = Release|Any CPU
	EndGlobalSection
	GlobalSection(ProjectConfigurationPlatforms) = postSolution
		{48E7F8E6-8EE6-4BC9-B898-19DB756777E3}.Debug|Any CPU.ActiveCfg = Debug|Any CPU
		{48E7F8E6-8EE6-4BC9-B898-19DB756777E3}.Debug|Any CPU.Build.0 = Debug|Any CPU
		{48E7F8E6-8EE6-4BC9-B898-19DB756777E3}.Release|Any CPU.ActiveCfg = Release|Any CPU
		{48E7F8E6-8EE6-4BC9-B898-19DB756777E3}.Release|Any CPU.Build.0 = Release|Any CPU
	EndGlobalSection
	GlobalSection(SolutionProperties) = preSolution
		HideSolutionNode = FALSE
	EndGlobalSection
	GlobalSection(ExtensibilityGlobals) = postSolution
		SolutionGuid = {3D08ADD5-951D-4385-9423-CFB40B9D1E93}
	EndGlobalSection
EndGlobal
